github.com/alecthomas/participle v0.0.0-20180801095730-433a43f4119e h1:89DEYj+TUoEgie6JmwSF0YNnxnDCTbQinDoGG5iSd0g=
github.com/alecthomas/participle v0.0.0-20180801095730-433a43f4119e/go.mod h1:UkaznBMzS/FVetZ0dhhxVOiSBDgfLmIYp249zU1w/Z0=
github.com/alecthomas/participle v0.1.0 h1:CIpa5JECC7Y8eDoMoDdPmsrfZgSBO0IeCe+2zX2qzUw=
github.com/alecthomas/participle v0.1.0/go.mod h1:UkaznBMzS/FVetZ0dhhxVOiSBDgfLmIYp249zU1w/Z0=
github.com/alecthomas/repr v0.0.0-20180818092828-117648cd9897 h1:p9Sln00KOTlrYkxI1zYWl1QLnEqAqEARBEYa8FQnQcY=
github.com/alecthomas/repr v0.0.0-20180818092828-117648cd9897/go.mod h1:xTS7Pm1pD1mvyM075QCDSRqH6qRLXylzS24ZTpRiSzQ=
github.com/apple/foundationdb v0.0.0-20180511013059-16e85d53a559 h1:aNY/HBb+0w03DPE6523wHsqrLBmIM2swRW5o8HIbSis=
github.com/apple/foundationdb v0.0.0-20180511013059-16e85d53a559/go.mod h1:r68WTUyFp2yVpUaqVBncjC7C62Cuom4IiEuRCVEKRbw=
github.com/apple/foundationdb v0.0.0-20180905232010-8bf67c7afc70 h1:saNwY3QgEQUzMUZYPaAVQFQwUhfqvybMZkk8X6XqavY=
github.com/apple/foundationdb v0.0.0-20180905232010-8bf67c7afc70/go.mod h1:r68WTUyFp2yVpUaqVBncjC7C62Cuom4IiEuRCVEKRbw=
github.com/apple/foundationdb v0.0.0-20180907170000-2f2aaf5bce97 h1:eWwHJs9Jx0YeCeXdyNF7O9/8LE/fybiFqWcbvLRNbdQ=
github.com/apple/foundationdb v0.0.0-20180907170000-2f2aaf5bce97/go.mod h1:r68WTUyFp2yVpUaqVBncjC7C62Cuom4IiEuRCVEKRbw=
github.com/apple/foundationdb v0.0.0-20180913173739-e6eefe3363ef h1:yjgDoWVFONx0UPgsEoEpN95AFy+OI9YqjTKXlPDsWaI=
github.com/apple/foundationdb v0.0.0-20180913173739-e6eefe3363ef/go.mod h1:r68WTUyFp2yVpUaqVBncjC7C62Cuom4IiEuRCVEKRbw=
github.com/cosiner/argv v0.0.0-20170225145430-13bacc38a0a5 h1:rIXlvz2IWiupMFlC45cZCXZFvKX/ExBcSLrDy2G0Lp8=
github.com/cosiner/argv v0.0.0-20170225145430-13bacc38a0a5/go.mod h1:p/NrK5tF6ICIly4qwEDsf6VDirFiWWz0FenfYBwJaKQ=
github.com/davecgh/go-spew v1.1.1 h1:vj9j/u1bqnvCEfJOwUhtlOARqs3+rkHYY13jYWTU97c=
github.com/davecgh/go-spew v1.1.1/go.mod h1:J7Y8YcW2NihsgmVo/mv3lAwl/skON4iLHjSsI+c5H38=
github.com/davidrjenni/reftools v0.0.0-20180909082608-ed63e66af063 h1:1m4A4FI4WKi/WLAhM+LMvJrV64r7U77OgvJmdo3qvp8=
github.com/davidrjenni/reftools v0.0.0-20180909082608-ed63e66af063/go.mod h1:8o/GRMvsb9VyFbSEZGXfa0dkSXml4G23W0D/h9FksWM=
github.com/davidrjenni/reftools v0.0.0-20180912181019-6bd7b709eec2/go.mod h1:8o/GRMvsb9VyFbSEZGXfa0dkSXml4G23W0D/h9FksWM=
github.com/derekparker/delve v1.1.0 h1:icd65nMp7s2HiLz6y/6RCVXBdoED3xxYLwX09EMaRCc=
github.com/derekparker/delve v1.1.0/go.mod h1:pMSZMfp0Nhbm8qdZJkuE/yPGOkLpGXLS1I4poXQpuJU=
github.com/gorilla/websocket v1.3.0 h1:r/LXc0VJIMd0rCMsc6DxgczaQtoCwCLatnfXmSYcXx8=
github.com/gorilla/websocket v1.3.0/go.mod h1:E7qHFY5m1UJ88s3WnNqhKjPHQ0heANvMoAMk2YaljkQ=
github.com/gorilla/websocket v1.4.0/go.mod h1:E7qHFY5m1UJ88s3WnNqhKjPHQ0heANvMoAMk2YaljkQ=
github.com/julienschmidt/httprouter v0.0.0-20180715161854-348b672cd90d h1:of6+TpypLAaiv4JxgH5aplBZnt0b65B4v4c8q5oy+Sk=
github.com/julienschmidt/httprouter v0.0.0-20180715161854-348b672cd90d/go.mod h1:SYymIcj16QtmaHHD7aYtjjsJG7VTCxuUUipMqKk8s4w=
github.com/k0kubun/pp v2.3.0+incompatible h1:EKhKbi34VQDWJtq+zpsKSEhkHHs9w2P8Izbq8IhLVSo=
github.com/k0kubun/pp v2.3.0+incompatible/go.mod h1:GWse8YhT0p8pT4ir3ZgBbfZild3tgzSScAn6HmfYukg=
github.com/koron/iferr v0.0.0-20180615142939-bb332a3b1d91 h1:hunjgdb3b21ZdRmzDPXii0EcnHpjH7uCP+kODoE1JH0=
github.com/koron/iferr v0.0.0-20180615142939-bb332a3b1d91/go.mod h1:C2tFh8w3I6i4lnUJfoBx2Hwku3mgu4wPNTtUNp1i5KI=
github.com/mattn/go-colorable v0.0.9 h1:UVL0vNpWh04HeJXV0KLcaT7r06gOH2l4OW6ddYRUIY4=
github.com/mattn/go-colorable v0.0.9/go.mod h1:9vuHe8Xs5qXnSaW/c/ABM9alt+Vo+STaOChaDxuIBZU=
github.com/mattn/go-isatty v0.0.4 h1:bnP0vzxcAdeI1zdubAl5PjU6zsERjGZb7raWodagDYs=
github.com/mattn/go-isatty v0.0.4/go.mod h1:M+lRXTBqGeGNdLjl/ufCoiOlB5xdOkqRJdNxMWT7Zi4=
github.com/mattn/go-runewidth v0.0.3 h1:a+kO+98RDGEfo6asOGMmpodZq4FNtnGP54yps8BzLR4=
github.com/mattn/go-runewidth v0.0.3/go.mod h1:LwmH8dsx7+W8Uxz3IHJYH5QSwggIsqBzpuz5H//U1FU=
github.com/peterh/liner v1.1.0 h1:f+aAedNJA6uk7+6rXsYBnhdo4Xux7ESLe+kcuVUF5os=
github.com/peterh/liner v1.1.0/go.mod h1:CRroGNssyjTd/qIG2FyxByd2S8JEAZXBl4qUrZf8GS0=
github.com/pmezard/go-difflib v1.0.0 h1:4DBwDE0NGyQoBHbLQYPwSUPoCMWR5BEzIk/f1lZbAQM=
github.com/pmezard/go-difflib v1.0.0/go.mod h1:iKH77koFhYxTK1pcRnkKkqfTogsbg7gZNVY4sRDYZ/4=
github.com/sirupsen/logrus v1.0.6 h1:hcP1GmhGigz/O7h1WVUM5KklBp1JoNS9FggWKdj/j3s=
github.com/sirupsen/logrus v1.0.6/go.mod h1:pMByvHTf9Beacp5x1UXfOR9xyW/9antXMhjMPG0dEzc=
github.com/spf13/cobra v0.0.3 h1:ZlrZ4XsMRm04Fr5pSFxBgfND2EBVa1nLpiy1stUsX/8=
github.com/spf13/cobra v0.0.3/go.mod h1:1l0Ry5zgKvJasoi3XT1TypsSe7PqH0Sj9dhYf7v3XqQ=
github.com/spf13/pflag v1.0.2 h1:Fy0orTDgHdbnzHcsOgfCN4LtHf0ec3wwtiwJqwvf3Gc=
github.com/spf13/pflag v1.0.2/go.mod h1:DYY7MBk1bdzusC3SYhjObp+wFpr4gzcvqqNjLnInEg4=
github.com/stretchr/testify v1.2.2 h1:bSDNvY7ZPG5RlJ8otE/7V6gMiyenm9RtJ7IUVIAoJ1w=
github.com/stretchr/testify v1.2.2/go.mod h1:a8OnRcib4nhh0OaRAV+Yts87kKdq0PP7pXfy6kDkUVs=
github.com/unrolled/render v0.0.0-20180807193321-4206df6ff701 h1:BJ/T25enw0WcbWqV132hGXRQdqCqe9XBzqh4AWVH7Bc=
github.com/unrolled/render v0.0.0-20180807193321-4206df6ff701/go.mod h1:tu82oB5W2ykJRVioYsB+IQKcft7ryBr7w12qMBUPyXg=
golang.org/x/arch v0.0.0-20180516175055-5de9028c2478 h1:fvOqz8ZzX1us9kyff4JaBYTLClOQbLu2TkJGizMew9w=
golang.org/x/arch v0.0.0-20180516175055-5de9028c2478/go.mod h1:cYlCBUl1MsqxdiKgmc4uh7TxZfWSFLOGSRR090WDxt8=
golang.org/x/crypto v0.0.0-20180904163835-0709b304e793 h1:u+LnwYTOOW7Ukr/fppxEb1Nwz0AtPflrblfvUudpo+I=
golang.org/x/crypto v0.0.0-20180904163835-0709b304e793/go.mod h1:6SG95UA2DQfeDnfUPMdvaQW0Q7yPrPDi9nlGo2tz2b4=
golang.org/x/crypto v0.0.0-20180910181607-0e37d006457b/go.mod h1:6SG95UA2DQfeDnfUPMdvaQW0Q7yPrPDi9nlGo2tz2b4=
golang.org/x/exp v0.0.0-20180807140117-3d87b88a115f h1:9kQ594xxPWRNKfTOnPjPcgrIJ19zM3ic57aI7PbMyAA=
golang.org/x/exp v0.0.0-20180807140117-3d87b88a115f/go.mod h1:CJ0aWSM057203Lf6IL+f9T1iT9GByDxfZKAQTCR3kQA=
golang.org/x/exp v0.0.0-20180907224206-e88728d35e99 h1:7IN8+ZMp04l/19EF+wsr7NM1jyvcadKINimAtWRyQk8=
golang.org/x/exp v0.0.0-20180907224206-e88728d35e99/go.mod h1:CJ0aWSM057203Lf6IL+f9T1iT9GByDxfZKAQTCR3kQA=
golang.org/x/sys v0.0.0-20180909124046-d0be0721c37e h1:o3PsSEY8E4eXWkXrIP9YJALUkVZqzHJT5DOasTyn8Vs=
golang.org/x/sys v0.0.0-20180909124046-d0be0721c37e/go.mod h1:STP8DvDyc/dI5b8T5hshtkjS+E42TnysNCUPdjciGhY=
golang.org/x/tools v0.0.0-20180904205237-0aa4b8830f48 h1:PIz+xUHW4G/jqfFWeKhQ96ZV/t2HDsXfWj923rV0bZY=
golang.org/x/tools v0.0.0-20180904205237-0aa4b8830f48/go.mod h1:n7NCudcB/nEzxVGmLbDWY5pfWTLqBcC2KZ6jyYvM4mQ=
golang.org/x/tools v0.0.0-20180911133044-677d2ff680c1/go.mod h1:n7NCudcB/nEzxVGmLbDWY5pfWTLqBcC2KZ6jyYvM4mQ=
gopkg.in/check.v1 v0.0.0-20161208181325-20d25e280405/go.mod h1:Co6ibVJAznAaIkqp8huTwlJQCZ016jof/cbN4VW5Yz0=
gopkg.in/check.v1 v1.0.0-20180628173108-788fd7840127/go.mod h1:Co6ibVJAznAaIkqp8huTwlJQCZ016jof/cbN4VW5Yz0=
gopkg.in/yaml.v2 v2.2.1 h1:mUhvW9EsL+naU5Q3cakzfE91YhliOondGd6ZrsDBHQE=
gopkg.in/yaml.v2 v2.2.1/go.mod h1:hI93XBmqTisBFMUTm0b8Fm+jr3Dg1NNxqwp+5A1VGuI=
